
Microsoft Visual Studio Solution File, Format Version 12.00
# Visual Studio Version 17
VisualStudioVersion = 17.8.34330.188
MinimumVisualStudioVersion = 10.0.40219.1
Project("{FAE04EC0-301F-11D3-BF4B-00C04F79EFBC}") = "AltÜstSayı", "AltÜstSayı\AltÜstSayı.csproj", "{203F672E-FEA5-410C-B3B3-ABFECDAA9324}"
EndProject
Global
	GlobalSection(SolutionConfigurationPlatforms) = preSolution
		Debug|Any CPU = Debug|Any CPU
		Release|Any CPU = Release|Any CPU
	EndGlobalSection
	GlobalSection(ProjectConfigurationPlatforms) = postSolution
		{203F672E-FEA5-410C-B3B3-ABFECDAA9324}.Debug|Any CPU.ActiveCfg = Debug|Any CPU
		{203F672E-FEA5-410C-B3B3-ABFECDAA9324}.Debug|Any CPU.Build.0 = Debug|Any CPU
		{203F672E-FEA5-410C-B3B3-ABFECDAA9324}.Release|Any CPU.ActiveCfg = Release|Any CPU
		{203F672E-FEA5-410C-B3B3-ABFECDAA9324}.Release|Any CPU.Build.0 = Release|Any CPU
	EndGlobalSection
	GlobalSection(SolutionProperties) = preSolution
		HideSolutionNode = FALSE
	EndGlobalSection
	GlobalSection(ExtensibilityGlobals) = postSolution
		SolutionGuid = {FB91ED02-CD44-4F45-8DC4-7EB06F2EA11E}
	EndGlobalSection
EndGlobal
